
Microsoft Visual Studio Solution File, Format Version 12.00
# Visual Studio 15
VisualStudioVersion = 15.0.28307.489
MinimumVisualStudioVersion = 10.0.40219.1
Project("{888888A0-9F3D-457C-B088-3A5042F75D52}") = "FlaskWebProject1", "FlaskWebProject1\FlaskWebProject1.pyproj", "{EDBFF49A-9B55-4180-9535-9CC77AC4CF43}"
EndProject
Global
	GlobalSection(SolutionConfigurationPlatforms) = preSolution
		Debug|Any CPU = Debug|Any CPU
		Release|Any CPU = Release|Any CPU
	EndGlobalSection
	GlobalSection(ProjectConfigurationPlatforms) = postSolution
		{EDBFF49A-9B55-4180-9535-9CC77AC4CF43}.Debug|Any CPU.ActiveCfg = Debug|Any CPU
		{EDBFF49A-9B55-4180-9535-9CC77AC4CF43}.Debug|Any CPU.Build.0 = Debug|Any CPU
		{EDBFF49A-9B55-4180-9535-9CC77AC4CF43}.Release|Any CPU.ActiveCfg = Release|Any CPU
		{EDBFF49A-9B55-4180-9535-9CC77AC4CF43}.Release|Any CPU.Build.0 = Release|Any CPU
	EndGlobalSection
	GlobalSection(SolutionProperties) = preSolution
		HideSolutionNode = FALSE
	EndGlobalSection
	GlobalSection(ExtensibilityGlobals) = postSolution
		SolutionGuid = {FC6931C8-4013-4464-A03E-2E1962E57651}
	EndGlobalSection
EndGlobal
